
Microsoft Visual Studio Solution File, Format Version 12.00
Project("{FAE04EC0-301F-11D3-BF4B-00C04F79EFBC}") = "ShareTaskAPI", "ShareTaskAPI\ShareTaskAPI.csproj", "{7DA4FF6E-5688-413E-ADB1-54C50614B4D7}"
EndProject
Global
	GlobalSection(SolutionConfigurationPlatforms) = preSolution
		Debug|Any CPU = Debug|Any CPU
		Release|Any CPU = Release|Any CPU
	EndGlobalSection
	GlobalSection(ProjectConfigurationPlatforms) = postSolution
		{7DA4FF6E-5688-413E-ADB1-54C50614B4D7}.Debug|Any CPU.ActiveCfg = Debug|Any CPU
		{7DA4FF6E-5688-413E-ADB1-54C50614B4D7}.Debug|Any CPU.Build.0 = Debug|Any CPU
		{7DA4FF6E-5688-413E-ADB1-54C50614B4D7}.Release|Any CPU.ActiveCfg = Release|Any CPU
		{7DA4FF6E-5688-413E-ADB1-54C50614B4D7}.Release|Any CPU.Build.0 = Release|Any CPU
	EndGlobalSection
EndGlobal
