
Microsoft Visual Studio Solution File, Format Version 12.00
Project("{FAE04EC0-301F-11D3-BF4B-00C04F79EFBC}") = "AuthorizeService", "AuthorizeService\AuthorizeService.csproj", "{B9FF1A6A-5815-4FA8-BA2B-DE4915C0898D}"
EndProject
Global
	GlobalSection(SolutionConfigurationPlatforms) = preSolution
		Debug|Any CPU = Debug|Any CPU
		Release|Any CPU = Release|Any CPU
	EndGlobalSection
	GlobalSection(ProjectConfigurationPlatforms) = postSolution
		{B9FF1A6A-5815-4FA8-BA2B-DE4915C0898D}.Debug|Any CPU.ActiveCfg = Debug|Any CPU
		{B9FF1A6A-5815-4FA8-BA2B-DE4915C0898D}.Debug|Any CPU.Build.0 = Debug|Any CPU
		{B9FF1A6A-5815-4FA8-BA2B-DE4915C0898D}.Release|Any CPU.ActiveCfg = Release|Any CPU
		{B9FF1A6A-5815-4FA8-BA2B-DE4915C0898D}.Release|Any CPU.Build.0 = Release|Any CPU
	EndGlobalSection
EndGlobal
